
Microsoft Visual Studio Solution File, Format Version 12.00
# Visual Studio 15
VisualStudioVersion = 15.0.28010.2050
MinimumVisualStudioVersion = 10.0.40219.1
Project("{FAE04EC0-301F-11D3-BF4B-00C04F79EFBC}") = "Yazlab", "Yazlab\Yazlab.csproj", "{86353C8E-87E5-4A47-B8FC-FCF52C9DE93C}"
EndProject
Global
	GlobalSection(SolutionConfigurationPlatforms) = preSolution
		Debug|Any CPU = Debug|Any CPU
		Release|Any CPU = Release|Any CPU
	EndGlobalSection
	GlobalSection(ProjectConfigurationPlatforms) = postSolution
		{86353C8E-87E5-4A47-B8FC-FCF52C9DE93C}.Debug|Any CPU.ActiveCfg = Debug|Any CPU
		{86353C8E-87E5-4A47-B8FC-FCF52C9DE93C}.Debug|Any CPU.Build.0 = Debug|Any CPU
		{86353C8E-87E5-4A47-B8FC-FCF52C9DE93C}.Release|Any CPU.ActiveCfg = Release|Any CPU
		{86353C8E-87E5-4A47-B8FC-FCF52C9DE93C}.Release|Any CPU.Build.0 = Release|Any CPU
	EndGlobalSection
	GlobalSection(SolutionProperties) = preSolution
		HideSolutionNode = FALSE
	EndGlobalSection
	GlobalSection(ExtensibilityGlobals) = postSolution
		SolutionGuid = {180DB28B-1BC9-4E26-A32F-DBFAF91C504D}
	EndGlobalSection
EndGlobal
